// !$*UTF8*$!
{
	archiveVersion = 1;
	classes = {
	};
	objectVersion = 50;
	objects = {

/* Begin PBXBuildFile section */
		385023BF250EDA7900D366A8 /* AppDelegate.swift in Sources */ = {isa = PBXBuildFile; fileRef = 385023BE250EDA7900D366A8 /* AppDelegate.swift */; };
		385023C1250EDA7900D366A8 /* SceneDelegate.swift in Sources */ = {isa = PBXBuildFile; fileRef = 385023C0250EDA7900D366A8 /* SceneDelegate.swift */; };
		385023C3250EDA7900D366A8 /* ViewController.swift in Sources */ = {isa = PBXBuildFile; fileRef = 385023C2250EDA7900D366A8 /* ViewController.swift */; };
		385023C6250EDA7900D366A8 /* Main.storyboard in Resources */ = {isa = PBXBuildFile; fileRef = 385023C4250EDA7900D366A8 /* Main.storyboard */; };
		385023C8250EDA7A00D366A8 /* Assets.xcassets in Resources */ = {isa = PBXBuildFile; fileRef = 385023C7250EDA7A00D366A8 /* Assets.xcassets */; };
		385023CB250EDA7A00D366A8 /* LaunchScreen.storyboard in Resources */ = {isa = PBXBuildFile; fileRef = 385023C9250EDA7A00D366A8 /* LaunchScreen.storyboard */; };
		385023D6250EDA7A00D366A8 /* tippifyTests.swift in Sources */ = {isa = PBXBuildFile; fileRef = 385023D5250EDA7A00D366A8 /* tippifyTests.swift */; };
		385023E1250EDA7A00D366A8 /* tippifyUITests.swift in Sources */ = {isa = PBXBuildFile; fileRef = 385023E0250EDA7A00D366A8 /* tippifyUITests.swift */; };
/* End PBXBuildFile section */

/* Begin PBXContainerItemProxy section */
		385023D2250EDA7A00D366A8 /* PBXContainerItemProxy */ = {
			isa = PBXContainerItemProxy;
			containerPortal = 385023B3250EDA7900D366A8 /* Project object */;
			proxyType = 1;
			remoteGlobalIDString = 385023BA250EDA7900D366A8;
			remoteInfo = tippify;
		};
		385023DD250EDA7A00D366A8 /* PBXContainerItemProxy */ = {
			isa = PBXContainerItemProxy;
			containerPortal = 385023B3250EDA7900D366A8 /* Project object */;
			proxyType = 1;
			remoteGlobalIDString = 385023BA250EDA7900D366A8;
			remoteInfo = tippify;
		};
/* End PBXContainerItemProxy section */

/* Begin PBXFileReference section */
		385023BB250EDA7900D366A8 /* tippify.app */ = {isa = PBXFileReference; explicitFileType = wrapper.application; includeInIndex = 0; path = tippify.app; sourceTree = BUILT_PRODUCTS_DIR; };
		385023BE250EDA7900D366A8 /* AppDelegate.swift */ = {isa = PBXFileReference; lastKnownFileType = sourcecode.swift; path = AppDelegate.swift; sourceTree = "<group>"; };
		385023C0250EDA7900D366A8 /* SceneDelegate.swift */ = {isa = PBXFileReference; lastKnownFileType = sourcecode.swift; path = SceneDelegate.swift; sourceTree = "<group>"; };
		385023C2250EDA7900D366A8 /* ViewController.swift */ = {isa = PBXFileReference; lastKnownFileType = sourcecode.swift; path = ViewController.swift; sourceTree = "<group>"; };
		385023C5250EDA7900D366A8 /* Base */ = {isa = PBXFileReference; lastKnownFileType = file.storyboard; name = Base; path = Base.lproj/Main.storyboard; sourceTree = "<group>"; };
		385023C7250EDA7A00D366A8 /* Assets.xcassets */ = {isa = PBXFileReference; lastKnownFileType = folder.assetcatalog; path = Assets.xcassets; sourceTree = "<group>"; };
		385023CA250EDA7A00D366A8 /* Base */ = {isa = PBXFileReference; lastKnownFileType = file.storyboard; name = Base; path = Base.lproj/LaunchScreen.storyboard; sourceTree = "<group>"; };
		385023CC250EDA7A00D366A8 /* Info.plist */ = {isa = PBXFileReference; lastKnownFileType = text.plist.xml; path = Info.plist; sourceTree = "<group>"; };
		385023D1250EDA7A00D366A8 /* tippifyTests.xctest */ = {isa = PBXFileReference; explicitFileType = wrapper.cfbundle; includeInIndex = 0; path = tippifyTests.xctest; sourceTree = BUILT_PRODUCTS_DIR; };
		385023D5250EDA7A00D366A8 /* tippifyTests.swift */ = {isa = PBXFileReference; lastKnownFileType = sourcecode.swift; path = tippifyTests.swift; sourceTree = "<group>"; };
		385023D7250EDA7A00D366A8 /* Info.plist */ = {isa = PBXFileReference; lastKnownFileType = text.plist.xml; path = Info.plist; sourceTree = "<group>"; };
		385023DC250EDA7A00D366A8 /* tippifyUITests.xctest */ = {isa = PBXFileReference; explicitFileType = wrapper.cfbundle; includeInIndex = 0; path = tippifyUITests.xctest; sourceTree = BUILT_PRODUCTS_DIR; };
		385023E0250EDA7A00D366A8 /* tippifyUITests.swift */ = {isa = PBXFileReference; lastKnownFileType = sourcecode.swift; path = tippifyUITests.swift; sourceTree = "<group>"; };
		385023E2250EDA7A00D366A8 /* Info.plist */ = {isa = PBXFileReference; lastKnownFileType = text.plist.xml; path = Info.plist; sourceTree = "<group>"; };
/* End PBXFileReference section */

/* Begin PBXFrameworksBuildPhase section */
		385023B8250EDA7900D366A8 /* Frameworks */ = {
			isa = PBXFrameworksBuildPhase;
			buildActionMask = 2147483647;
			files = (
			);
			runOnlyForDeploymentPostprocessing = 0;
		};
		385023CE250EDA7A00D366A8 /* Frameworks */ = {
			isa = PBXFrameworksBuildPhase;
			buildActionMask = 2147483647;
			files = (
			);
			runOnlyForDeploymentPostprocessing = 0;
		};
		385023D9250EDA7A00D366A8 /* Frameworks */ = {
			isa = PBXFrameworksBuildPhase;
			buildActionMask = 2147483647;
			files = (
			);
			runOnlyForDeploymentPostprocessing = 0;
		};
/* End PBXFrameworksBuildPhase section */

/* Begin PBXGroup section */
		385023B2250EDA7900D366A8 = {
			isa = PBXGroup;
			children = (
				385023BD250EDA7900D366A8 /* tippify */,
				385023D4250EDA7A00D366A8 /* tippifyTests */,
				385023DF250EDA7A00D366A8 /* tippifyUITests */,
				385023BC250EDA7900D366A8 /* Products */,
			);
			sourceTree = "<group>";
		};
		385023BC250EDA7900D366A8 /* Products */ = {
			isa = PBXGroup;
			children = (
				385023BB250EDA7900D366A8 /* tippify.app */,
				385023D1250EDA7A00D366A8 /* tippifyTests.xctest */,
				385023DC250EDA7A00D366A8 /* tippifyUITests.xctest */,
			);
			name = Products;
			sourceTree = "<group>";
		};
		385023BD250EDA7900D366A8 /* tippify */ = {
			isa = PBXGroup;
			children = (
				385023BE250EDA7900D366A8 /* AppDelegate.swift */,
				385023C0250EDA7900D366A8 /* SceneDelegate.swift */,
				385023C2250EDA7900D366A8 /* ViewController.swift */,
				385023C4250EDA7900D366A8 /* Main.storyboard */,
				385023C7250EDA7A00D366A8 /* Assets.xcassets */,
				385023C9250EDA7A00D366A8 /* LaunchScreen.storyboard */,
				385023CC250EDA7A00D366A8 /* Info.plist */,
			);
			path = tippify;
			sourceTree = "<group>";
		};
		385023D4250EDA7A00D366A8 /* tippifyTests */ = {
			isa = PBXGroup;
			children = (
				385023D5250EDA7A00D366A8 /* tippifyTests.swift */,
				385023D7250EDA7A00D366A8 /* Info.plist */,
			);
			path = tippifyTests;
			sourceTree = "<group>";
		};
		385023DF250EDA7A00D366A8 /* tippifyUITests */ = {
			isa = PBXGroup;
			children = (
				385023E0250EDA7A00D366A8 /* tippifyUITests.swift */,
				385023E2250EDA7A00D366A8 /* Info.plist */,
			);
			path = tippifyUITests;
			sourceTree = "<group>";
		};
/* End PBXGroup section */

/* Begin PBXNativeTarget section */
		385023BA250EDA7900D366A8 /* tippify */ = {
			isa = PBXNativeTarget;
			buildConfigurationList = 385023E5250EDA7A00D366A8 /* Build configuration list for PBXNativeTarget "tippify" */;
			buildPhases = (
				385023B7250EDA7900D366A8 /* Sources */,
				385023B8250EDA7900D366A8 /* Frameworks */,
				385023B9250EDA7900D366A8 /* Resources */,
			);
			buildRules = (
			);
			dependencies = (
			);
			name = tippify;
			productName = tippify;
			productReference = 385023BB250EDA7900D366A8 /* tippify.app */;
			productType = "com.apple.product-type.application";
		};
		385023D0250EDA7A00D366A8 /* tippifyTests */ = {
			isa = PBXNativeTarget;
			buildConfigurationList = 385023E8250EDA7A00D366A8 /* Build configuration list for PBXNativeTarget "tippifyTests" */;
			buildPhases = (
				385023CD250EDA7A00D366A8 /* Sources */,
				385023CE250EDA7A00D366A8 /* Frameworks */,
				385023CF250EDA7A00D366A8 /* Resources */,
			);
			buildRules = (
			);
			dependencies = (
				385023D3250EDA7A00D366A8 /* PBXTargetDependency */,
			);
			name = tippifyTests;
			productName = tippifyTests;
			productReference = 385023D1250EDA7A00D366A8 /* tippifyTests.xctest */;
			productType = "com.apple.product-type.bundle.unit-test";
		};
		385023DB250EDA7A00D366A8 /* tippifyUITests */ = {
			isa = PBXNativeTarget;
			buildConfigurationList = 385023EB250EDA7A00D366A8 /* Build configuration list for PBXNativeTarget "tippifyUITests" */;
			buildPhases = (
				385023D8250EDA7A00D366A8 /* Sources */,
				385023D9250EDA7A00D366A8 /* Frameworks */,
				385023DA250EDA7A00D366A8 /* Resources */,
			);
			buildRules = (
			);
			dependencies = (
				385023DE250EDA7A00D366A8 /* PBXTargetDependency */,
			);
			name = tippifyUITests;
			productName = tippifyUITests;
			productReference = 385023DC250EDA7A00D366A8 /* tippifyUITests.xctest */;
			productType = "com.apple.product-type.bundle.ui-testing";
		};
/* End PBXNativeTarget section */

/* Begin PBXProject section */
		385023B3250EDA7900D366A8 /* Project object */ = {
			isa = PBXProject;
			attributes = {
				LastSwiftUpdateCheck = 1170;
				LastUpgradeCheck = 1170;
				ORGANIZATIONNAME = Codepath;
				TargetAttributes = {
					385023BA250EDA7900D366A8 = {
						CreatedOnToolsVersion = 11.7;
					};
					385023D0250EDA7A00D366A8 = {
						CreatedOnToolsVersion = 11.7;
						TestTargetID = 385023BA250EDA7900D366A8;
					};
					385023DB250EDA7A00D366A8 = {
						CreatedOnToolsVersion = 11.7;
						TestTargetID = 385023BA250EDA7900D366A8;
					};
				};
			};
			buildConfigurationList = 385023B6250EDA7900D366A8 /* Build configuration list for PBXProject "tippify" */;
			compatibilityVersion = "Xcode 9.3";
			developmentRegion = en;
			hasScannedForEncodings = 0;
			knownRegions = (
				en,
				Base,
			);
			mainGroup = 385023B2250EDA7900D366A8;
			productRefGroup = 385023BC250EDA7900D366A8 /* Products */;
			projectDirPath = "";
			projectRoot = "";
			targets = (
				385023BA250EDA7900D366A8 /* tippify */,
				385023D0250EDA7A00D366A8 /* tippifyTests */,
				385023DB250EDA7A00D366A8 /* tippifyUITests */,
			);
		};
/* End PBXProject section */

/* Begin PBXResourcesBuildPhase section */
		385023B9250EDA7900D366A8 /* Resources */ = {
			isa = PBXResourcesBuildPhase;
			buildActionMask = 2147483647;
			files = (
				385023CB250EDA7A00D366A8 /* LaunchScreen.storyboard in Resources */,
				385023C8250EDA7A00D366A8 /* Assets.xcassets in Resources */,
				385023C6250EDA7900D366A8 /* Main.storyboard in Resources */,
			);
			runOnlyForDeploymentPostprocessing = 0;
		};
		385023CF250EDA7A00D366A8 /* Resources */ = {
			isa = PBXResourcesBuildPhase;
			buildActionMask = 2147483647;
			files = (
			);
			runOnlyForDeploymentPostprocessing = 0;
		};
		385023DA250EDA7A00D366A8 /* Resources */ = {
			isa = PBXResourcesBuildPhase;
			buildActionMask = 2147483647;
			files = (
			);
			runOnlyForDeploymentPostprocessing = 0;
		};
/* End PBXResourcesBuildPhase section */

/* Begin PBXSourcesBuildPhase section */
		385023B7250EDA7900D366A8 /* Sources */ = {
			isa = PBXSourcesBuildPhase;
			buildActionMask = 2147483647;
			files = (
				385023C3250EDA7900D366A8 /* ViewController.swift in Sources */,
				385023BF250EDA7900D366A8 /* AppDelegate.swift in Sources */,
				385023C1250EDA7900D366A8 /* SceneDelegate.swift in Sources */,
			);
			runOnlyForDeploymentPostprocessing = 0;
		};
		385023CD250EDA7A00D366A8 /* Sources */ = {
			isa = PBXSourcesBuildPhase;
			buildActionMask = 2147483647;
			files = (
				385023D6250EDA7A00D366A8 /* tippifyTests.swift in Sources */,
			);
			runOnlyForDeploymentPostprocessing = 0;
		};
		385023D8250EDA7A00D366A8 /* Sources */ = {
			isa = PBXSourcesBuildPhase;
			buildActionMask = 2147483647;
			files = (
				385023E1250EDA7A00D366A8 /* tippifyUITests.swift in Sources */,
			);
			runOnlyForDeploymentPostprocessing = 0;
		};
/* End PBXSourcesBuildPhase section */

/* Begin PBXTargetDependency section */
		385023D3250EDA7A00D366A8 /* PBXTargetDependency */ = {
			isa = PBXTargetDependency;
			target = 385023BA250EDA7900D366A8 /* tippify */;
			targetProxy = 385023D2250EDA7A00D366A8 /* PBXContainerItemProxy */;
		};
		385023DE250EDA7A00D366A8 /* PBXTargetDependency */ = {
			isa = PBXTargetDependency;
			target = 385023BA250EDA7900D366A8 /* tippify */;
			targetProxy = 385023DD250EDA7A00D366A8 /* PBXContainerItemProxy */;
		};
/* End PBXTargetDependency section */

/* Begin PBXVariantGroup section */
		385023C4250EDA7900D366A8 /* Main.storyboard */ = {
			isa = PBXVariantGroup;
			children = (
				385023C5250EDA7900D366A8 /* Base */,
			);
			name = Main.storyboard;
			sourceTree = "<group>";
		};
		385023C9250EDA7A00D366A8 /* LaunchScreen.storyboard */ = {
			isa = PBXVariantGroup;
			children = (
				385023CA250EDA7A00D366A8 /* Base */,
			);
			name = LaunchScreen.storyboard;
			sourceTree = "<group>";
		};
/* End PBXVariantGroup section */

/* Begin XCBuildConfiguration section */
		385023E3250EDA7A00D366A8 /* Debug */ = {
			isa = XCBuildConfiguration;
			buildSettings = {
				ALWAYS_SEARCH_USER_PATHS = NO;
				CLANG_ANALYZER_NONNULL = YES;
				CLANG_ANALYZER_NUMBER_OBJECT_CONVERSION = YES_AGGRESSIVE;
				CLANG_CXX_LANGUAGE_STANDARD = "gnu++14";
				CLANG_CXX_LIBRARY = "libc++";
				CLANG_ENABLE_MODULES = YES;
				CLANG_ENABLE_OBJC_ARC = YES;
				CLANG_ENABLE_OBJC_WEAK = YES;
				CLANG_WARN_BLOCK_CAPTURE_AUTORELEASING = YES;
				CLANG_WARN_BOOL_CONVERSION = YES;
				CLANG_WARN_COMMA = YES;
				CLANG_WARN_CONSTANT_CONVERSION = YES;
				CLANG_WARN_DEPRECATED_OBJC_IMPLEMENTATIONS = YES;
				CLANG_WARN_DIRECT_OBJC_ISA_USAGE = YES_ERROR;
				CLANG_WARN_DOCUMENTATION_COMMENTS = YES;
				CLANG_WARN_EMPTY_BODY = YES;
				CLANG_WARN_ENUM_CONVERSION = YES;
				CLANG_WARN_INFINITE_RECURSION = YES;
				CLANG_WARN_INT_CONVERSION = YES;
				CLANG_WARN_NON_LITERAL_NULL_CONVERSION = YES;
				CLANG_WARN_OBJC_IMPLICIT_RETAIN_SELF = YES;
				CLANG_WARN_OBJC_LITERAL_CONVERSION = YES;
				CLANG_WARN_OBJC_ROOT_CLASS = YES_ERROR;
				CLANG_WARN_RANGE_LOOP_ANALYSIS = YES;
				CLANG_WARN_STRICT_PROTOTYPES = YES;
				CLANG_WARN_SUSPICIOUS_MOVE = YES;
				CLANG_WARN_UNGUARDED_AVAILABILITY = YES_AGGRESSIVE;
				CLANG_WARN_UNREACHABLE_CODE = YES;
				CLANG_WARN__DUPLICATE_METHOD_MATCH = YES;
				COPY_PHASE_STRIP = NO;
				DEBUG_INFORMATION_FORMAT = dwarf;
				ENABLE_STRICT_OBJC_MSGSEND = YES;
				ENABLE_TESTABILITY = YES;
				GCC_C_LANGUAGE_STANDARD = gnu11;
				GCC_DYNAMIC_NO_PIC = NO;
				GCC_NO_COMMON_BLOCKS = YES;
				GCC_OPTIMIZATION_LEVEL = 0;
				GCC_PREPROCESSOR_DEFINITIONS = (
					"DEBUG=1",
					"$(inherited)",
				);
				GCC_WARN_64_TO_32_BIT_CONVERSION = YES;
				GCC_WARN_ABOUT_RETURN_TYPE = YES_ERROR;
				GCC_WARN_UNDECLARED_SELECTOR = YES;
				GCC_WARN_UNINITIALIZED_AUTOS = YES_AGGRESSIVE;
				GCC_WARN_UNUSED_FUNCTION = YES;
				GCC_WARN_UNUSED_VARIABLE = YES;
				IPHONEOS_DEPLOYMENT_TARGET = 13.7;
				MTL_ENABLE_DEBUG_INFO = INCLUDE_SOURCE;
				MTL_FAST_MATH = YES;
				ONLY_ACTIVE_ARCH = YES;
				SDKROOT = iphoneos;
				SWIFT_ACTIVE_COMPILATION_CONDITIONS = DEBUG;
				SWIFT_OPTIMIZATION_LEVEL = "-Onone";
			};
			name = Debug;
		};
		385023E4250EDA7A00D366A8 /* Release */ = {
			isa = XCBuildConfiguration;
			buildSettings = {
				ALWAYS_SEARCH_USER_PATHS = NO;
				CLANG_ANALYZER_NONNULL = YES;
				CLANG_ANALYZER_NUMBER_OBJECT_CONVERSION = YES_AGGRESSIVE;
				CLANG_CXX_LANGUAGE_STANDARD = "gnu++14";
				CLANG_CXX_LIBRARY = "libc++";
				CLANG_ENABLE_MODULES = YES;
				CLANG_ENABLE_OBJC_ARC = YES;
				CLANG_ENABLE_OBJC_WEAK = YES;
				CLANG_WARN_BLOCK_CAPTURE_AUTORELEASING = YES;
				CLANG_WARN_BOOL_CONVERSION = YES;
				CLANG_WARN_COMMA = YES;
				CLANG_WARN_CONSTANT_CONVERSION = YES;
				CLANG_WARN_DEPRECATED_OBJC_IMPLEMENTATIONS = YES;
				CLANG_WARN_DIRECT_OBJC_ISA_USAGE = YES_ERROR;
				CLANG_WARN_DOCUMENTATION_COMMENTS = YES;
				CLANG_WARN_EMPTY_BODY = YES;
				CLANG_WARN_ENUM_CONVERSION = YES;
				CLANG_WARN_INFINITE_RECURSION = YES;
				CLANG_WARN_INT_CONVERSION = YES;
				CLANG_WARN_NON_LITERAL_NULL_CONVERSION = YES;
				CLANG_WARN_OBJC_IMPLICIT_RETAIN_SELF = YES;
				CLANG_WARN_OBJC_LITERAL_CONVERSION = YES;
				CLANG_WARN_OBJC_ROOT_CLASS = YES_ERROR;
				CLANG_WARN_RANGE_LOOP_ANALYSIS = YES;
				CLANG_WARN_STRICT_PROTOTYPES = YES;
				CLANG_WARN_SUSPICIOUS_MOVE = YES;
				CLANG_WARN_UNGUARDED_AVAILABILITY = YES_AGGRESSIVE;
				CLANG_WARN_UNREACHABLE_CODE = YES;
				CLANG_WARN__DUPLICATE_METHOD_MATCH = YES;
				COPY_PHASE_STRIP = NO;
				DEBUG_INFORMATION_FORMAT = "dwarf-with-dsym";
				ENABLE_NS_ASSERTIONS = NO;
				ENABLE_STRICT_OBJC_MSGSEND = YES;
				GCC_C_LANGUAGE_STANDARD = gnu11;
				GCC_NO_COMMON_BLOCKS = YES;
				GCC_WARN_64_TO_32_BIT_CONVERSION = YES;
				GCC_WARN_ABOUT_RETURN_TYPE = YES_ERROR;
				GCC_WARN_UNDECLARED_SELECTOR = YES;
				GCC_WARN_UNINITIALIZED_AUTOS = YES_AGGRESSIVE;
				GCC_WARN_UNUSED_FUNCTION = YES;
				GCC_WARN_UNUSED_VARIABLE = YES;
				IPHONEOS_DEPLOYMENT_TARGET = 13.7;
				MTL_ENABLE_DEBUG_INFO = NO;
				MTL_FAST_MATH = YES;
				SDKROOT = iphoneos;
				SWIFT_COMPILATION_MODE = wholemodule;
				SWIFT_OPTIMIZATION_LEVEL = "-O";
				VALIDATE_PRODUCT = YES;
			};
			name = Release;
		};
		385023E6250EDA7A00D366A8 /* Debug */ = {
			isa = XCBuildConfiguration;
			buildSettings = {
				ASSETCATALOG_COMPILER_APPICON_NAME = AppIcon;
				CODE_SIGN_STYLE = Automatic;
				INFOPLIST_FILE = tippify/Info.plist;
				LD_RUNPATH_SEARCH_PATHS = (
					"$(inherited)",
					"@executable_path/Frameworks",
				);
				PRODUCT_BUNDLE_IDENTIFIER = Codepath.tippify;
				PRODUCT_NAME = "$(TARGET_NAME)";
				SWIFT_VERSION = 5.0;
				TARGETED_DEVICE_FAMILY = "1,2";
			};
			name = Debug;
		};
		385023E7250EDA7A00D366A8 /* Release */ = {
			isa = XCBuildConfiguration;
			buildSettings = {
				ASSETCATALOG_COMPILER_APPICON_NAME = AppIcon;
				CODE_SIGN_STYLE = Automatic;
				INFOPLIST_FILE = tippify/Info.plist;
				LD_RUNPATH_SEARCH_PATHS = (
					"$(inherited)",
					"@executable_path/Frameworks",
				);
				PRODUCT_BUNDLE_IDENTIFIER = Codepath.tippify;
				PRODUCT_NAME = "$(TARGET_NAME)";
				SWIFT_VERSION = 5.0;
				TARGETED_DEVICE_FAMILY = "1,2";
			};
			name = Release;
		};
		385023E9250EDA7A00D366A8 /* Debug */ = {
			isa = XCBuildConfiguration;
			buildSettings = {
				ALWAYS_EMBED_SWIFT_STANDARD_LIBRARIES = YES;
				BUNDLE_LOADER = "$(TEST_HOST)";
				CODE_SIGN_STYLE = Automatic;
				INFOPLIST_FILE = tippifyTests/Info.plist;
				IPHONEOS_DEPLOYMENT_TARGET = 13.7;
				LD_RUNPATH_SEARCH_PATHS = (
					"$(inherited)",
					"@executable_path/Frameworks",
					"@loader_path/Frameworks",
				);
				PRODUCT_BUNDLE_IDENTIFIER = Codepath.tippifyTests;
				PRODUCT_NAME = "$(TARGET_NAME)";
				SWIFT_VERSION = 5.0;
				TARGETED_DEVICE_FAMILY = "1,2";
				TEST_HOST = "$(BUILT_PRODUCTS_DIR)/tippify.app/tippify";
			};
			name = Debug;
		};
		385023EA250EDA7A00D366A8 /* Release */ = {
			isa = XCBuildConfiguration;
			buildSettings = {
				ALWAYS_EMBED_SWIFT_STANDARD_LIBRARIES = YES;
				BUNDLE_LOADER = "$(TEST_HOST)";
				CODE_SIGN_STYLE = Automatic;
				INFOPLIST_FILE = tippifyTests/Info.plist;
				IPHONEOS_DEPLOYMENT_TARGET = 13.7;
				LD_RUNPATH_SEARCH_PATHS = (
					"$(inherited)",
					"@executable_path/Frameworks",
					"@loader_path/Frameworks",
				);
				PRODUCT_BUNDLE_IDENTIFIER = Codepath.tippifyTests;
				PRODUCT_NAME = "$(TARGET_NAME)";
				SWIFT_VERSION = 5.0;
				TARGETED_DEVICE_FAMILY = "1,2";
				TEST_HOST = "$(BUILT_PRODUCTS_DIR)/tippify.app/tippify";
			};
			name = Release;
		};
		385023EC250EDA7A00D366A8 /* Debug */ = {
			isa = XCBuildConfiguration;
			buildSettings = {
				ALWAYS_EMBED_SWIFT_STANDARD_LIBRARIES = YES;
				CODE_SIGN_STYLE = Automatic;
				INFOPLIST_FILE = tippifyUITests/Info.plist;
				LD_RUNPATH_SEARCH_PATHS = (
					"$(inherited)",
					"@executable_path/Frameworks",
					"@loader_path/Frameworks",
				);
				PRODUCT_BUNDLE_IDENTIFIER = Codepath.tippifyUITests;
				PRODUCT_NAME = "$(TARGET_NAME)";
				SWIFT_VERSION = 5.0;
				TARGETED_DEVICE_FAMILY = "1,2";
				TEST_TARGET_NAME = tippify;
			};
			name = Debug;
		};
		385023ED250EDA7A00D366A8 /* Release */ = {
			isa = XCBuildConfiguration;
			buildSettings = {
				ALWAYS_EMBED_SWIFT_STANDARD_LIBRARIES = YES;
				CODE_SIGN_STYLE = Automatic;
				INFOPLIST_FILE = tippifyUITests/Info.plist;
				LD_RUNPATH_SEARCH_PATHS = (
					"$(inherited)",
					"@executable_path/Frameworks",
					"@loader_path/Frameworks",
				);
				PRODUCT_BUNDLE_IDENTIFIER = Codepath.tippifyUITests;
				PRODUCT_NAME = "$(TARGET_NAME)";
				SWIFT_VERSION = 5.0;
				TARGETED_DEVICE_FAMILY = "1,2";
				TEST_TARGET_NAME = tippify;
			};
			name = Release;
		};
/* End XCBuildConfiguration section */

/* Begin XCConfigurationList section */
		385023B6250EDA7900D366A8 /* Build configuration list for PBXProject "tippify" */ = {
			isa = XCConfigurationList;
			buildConfigurations = (
				385023E3250EDA7A00D366A8 /* Debug */,
				385023E4250EDA7A00D366A8 /* Release */,
			);
			defaultConfigurationIsVisible = 0;
			defaultConfigurationName = Release;
		};
		385023E5250EDA7A00D366A8 /* Build configuration list for PBXNativeTarget "tippify" */ = {
			isa = XCConfigurationList;
			buildConfigurations = (
				385023E6250EDA7A00D366A8 /* Debug */,
				385023E7250EDA7A00D366A8 /* Release */,
			);
			defaultConfigurationIsVisible = 0;
			defaultConfigurationName = Release;
		};
		385023E8250EDA7A00D366A8 /* Build configuration list for PBXNativeTarget "tippifyTests" */ = {
			isa = XCConfigurationList;
			buildConfigurations = (
				385023E9250EDA7A00D366A8 /* Debug */,
				385023EA250EDA7A00D366A8 /* Release */,
			);
			defaultConfigurationIsVisible = 0;
			defaultConfigurationName = Release;
		};
		385023EB250EDA7A00D366A8 /* Build configuration list for PBXNativeTarget "tippifyUITests" */ = {
			isa = XCConfigurationList;
			buildConfigurations = (
				385023EC250EDA7A00D366A8 /* Debug */,
				385023ED250EDA7A00D366A8 /* Release */,
			);
			defaultConfigurationIsVisible = 0;
			defaultConfigurationName = Release;
		};
/* End XCConfigurationList section */
	};
	rootObject = 385023B3250EDA7900D366A8 /* Project object */;
}
